
Microsoft Visual Studio Solution File, Format Version 12.00
# Visual Studio Version 17
VisualStudioVersion = 17.4.33122.133
MinimumVisualStudioVersion = 10.0.40219.1
Project("{FAE04EC0-301F-11D3-BF4B-00C04F79EFBC}") = "WinFormsApp1", "WinFormsApp1\WinFormsApp1.csproj", "{3B2786FB-0637-4B6D-BF68-E1AC073BCBEC}"
EndProject
Global
	GlobalSection(SolutionConfigurationPlatforms) = preSolution
		Debug|Any CPU = Debug|Any CPU
		Release|Any CPU = Release|Any CPU
	EndGlobalSection
	GlobalSection(ProjectConfigurationPlatforms) = postSolution
		{3B2786FB-0637-4B6D-BF68-E1AC073BCBEC}.Debug|Any CPU.ActiveCfg = Debug|Any CPU
		{3B2786FB-0637-4B6D-BF68-E1AC073BCBEC}.Debug|Any CPU.Build.0 = Debug|Any CPU
		{3B2786FB-0637-4B6D-BF68-E1AC073BCBEC}.Release|Any CPU.ActiveCfg = Release|Any CPU
		{3B2786FB-0637-4B6D-BF68-E1AC073BCBEC}.Release|Any CPU.Build.0 = Release|Any CPU
	EndGlobalSection
	GlobalSection(SolutionProperties) = preSolution
		HideSolutionNode = FALSE
	EndGlobalSection
	GlobalSection(ExtensibilityGlobals) = postSolution
		SolutionGuid = {0A022B75-7855-4084-81BA-FBB61E13EFF6}
	EndGlobalSection
EndGlobal
